# This file is automatically @generated by Cargo.
# It is not intended for manual editing.
version = 3

[[package]]
name = "Rust"
version = "0.1.0"

[[package]]
name = "exercise_1"
version = "0.1.0"

[[package]]
name = "exercise_2"
version = "0.1.0"

[[package]]
name = "exercise_3"
version = "0.1.0"

[[package]]
name = "exercise_4"
version = "0.1.0"

[[package]]
name = "exercise_5"
version = "0.1.0"

[[package]]
name = "exersice_6"
version = "0.1.0"

[[package]]
name = "project_4"
version = "0.1.0"

[[package]]
name = "project_4_error_handling_with_match"
version = "0.1.0"

[[package]]
name = "project_5"
version = "0.1.0"

[[package]]
name = "project_6"
version = "0.1.0"

[[package]]
name = "project_7"
version = "0.1.0"
